
Microsoft Visual Studio Solution File, Format Version 12.00
# Visual Studio Version 17
VisualStudioVersion = 17.3.32901.215
MinimumVisualStudioVersion = 10.0.40219.1
Project("{9A19103F-16F7-4668-BE54-9A1E7A4F7556}") = "ScriptHaqonizer.Core", "src\ScriptHaqonizer.Core\ScriptHaqonizer.Core.csproj", "{2BEF55FE-7B4F-4635-8FD4-53DA9D5E1BFD}"
EndProject
Project("{9A19103F-16F7-4668-BE54-9A1E7A4F7556}") = "ScriptHaqonizer.Console", "src\ScriptHaqonizer.Console\ScriptHaqonizer.Console.csproj", "{DE762219-AE25-43EC-BFAB-1A2DA1FB14D8}"
EndProject
Project("{9A19103F-16F7-4668-BE54-9A1E7A4F7556}") = "ScriptHaqonizer.MsSql", "src\ScriptHaqonizer.MsSql\ScriptHaqonizer.MsSql.csproj", "{F333C3DD-6114-4A9C-92B0-2B96CBB3FB2F}"
EndProject
Project("{2150E333-8FDC-42A3-9474-1A3956D46DE8}") = "src", "src", "{3E373D01-9860-4AD9-A382-2FE18B2D10CE}"
EndProject
Project("{2150E333-8FDC-42A3-9474-1A3956D46DE8}") = "tests", "tests", "{37EC6F8D-9311-4C5D-8D37-02ECEF668E8E}"
EndProject
Project("{9A19103F-16F7-4668-BE54-9A1E7A4F7556}") = "ScriptHaqonizer.Core.Tests", "tests\ScriptHaqonizer.Core.Tests\ScriptHaqonizer.Core.Tests.csproj", "{F3F7229E-40A6-4A56-A584-D18D9651AF5F}"
EndProject
Project("{9A19103F-16F7-4668-BE54-9A1E7A4F7556}") = "ScriptHaqonizer.Console.Tests", "tests\ScriptHaqonizer.Console.Tests\ScriptHaqonizer.Console.Tests.csproj", "{6712E532-5866-4318-AA7C-262F2905B7D7}"
EndProject
Project("{9A19103F-16F7-4668-BE54-9A1E7A4F7556}") = "ScriptHaqonizer.Playground", "tests\ScriptHaqonizer.Playground\ScriptHaqonizer.Playground.csproj", "{B6ABF2E9-6762-4DA5-A01A-957DF3466C8F}"
EndProject
Project("{9A19103F-16F7-4668-BE54-9A1E7A4F7556}") = "ScriptHaqonizer.MsSql.Tests", "tests\ScriptHaqonizer.MsSql.Tests\ScriptHaqonizer.MsSql.Tests.csproj", "{A15AEAD7-A305-47F4-A02D-3CC67A6A4AE8}"
EndProject
Project("{9A19103F-16F7-4668-BE54-9A1E7A4F7556}") = "ScriptHaqonizer.Hosting", "src\ScriptHaqonizer.Hosting\ScriptHaqonizer.Hosting.csproj", "{507AF118-F7A3-4396-9B1A-5CDB73E9C9F9}"
EndProject
Project("{9A19103F-16F7-4668-BE54-9A1E7A4F7556}") = "ScriptHaqonizer.Hosting.Tests", "tests\ScriptHaqonizer.Hosting.Tests\ScriptHaqonizer.Hosting.Tests.csproj", "{843F069D-C647-46A7-85B9-486AA04CDD75}"
EndProject
Project("{FAE04EC0-301F-11D3-BF4B-00C04F79EFBC}") = "ScriptHaqonizer.Hosting.MsSql", "src\ScriptHaqonizer.Hosting.MsSql\ScriptHaqonizer.Hosting.MsSql.csproj", "{F3BF68BE-E748-413B-BB2F-9D1040AF7324}"
EndProject
Global
	GlobalSection(SolutionConfigurationPlatforms) = preSolution
		Debug|Any CPU = Debug|Any CPU
		Release|Any CPU = Release|Any CPU
	EndGlobalSection
	GlobalSection(ProjectConfigurationPlatforms) = postSolution
		{2BEF55FE-7B4F-4635-8FD4-53DA9D5E1BFD}.Debug|Any CPU.ActiveCfg = Debug|Any CPU
		{2BEF55FE-7B4F-4635-8FD4-53DA9D5E1BFD}.Debug|Any CPU.Build.0 = Debug|Any CPU
		{2BEF55FE-7B4F-4635-8FD4-53DA9D5E1BFD}.Release|Any CPU.ActiveCfg = Release|Any CPU
		{2BEF55FE-7B4F-4635-8FD4-53DA9D5E1BFD}.Release|Any CPU.Build.0 = Release|Any CPU
		{DE762219-AE25-43EC-BFAB-1A2DA1FB14D8}.Debug|Any CPU.ActiveCfg = Debug|Any CPU
		{DE762219-AE25-43EC-BFAB-1A2DA1FB14D8}.Debug|Any CPU.Build.0 = Debug|Any CPU
		{DE762219-AE25-43EC-BFAB-1A2DA1FB14D8}.Release|Any CPU.ActiveCfg = Release|Any CPU
		{DE762219-AE25-43EC-BFAB-1A2DA1FB14D8}.Release|Any CPU.Build.0 = Release|Any CPU
		{F333C3DD-6114-4A9C-92B0-2B96CBB3FB2F}.Debug|Any CPU.ActiveCfg = Debug|Any CPU
		{F333C3DD-6114-4A9C-92B0-2B96CBB3FB2F}.Debug|Any CPU.Build.0 = Debug|Any CPU
		{F333C3DD-6114-4A9C-92B0-2B96CBB3FB2F}.Release|Any CPU.ActiveCfg = Release|Any CPU
		{F333C3DD-6114-4A9C-92B0-2B96CBB3FB2F}.Release|Any CPU.Build.0 = Release|Any CPU
		{F3F7229E-40A6-4A56-A584-D18D9651AF5F}.Debug|Any CPU.ActiveCfg = Debug|Any CPU
		{F3F7229E-40A6-4A56-A584-D18D9651AF5F}.Debug|Any CPU.Build.0 = Debug|Any CPU
		{F3F7229E-40A6-4A56-A584-D18D9651AF5F}.Release|Any CPU.ActiveCfg = Release|Any CPU
		{F3F7229E-40A6-4A56-A584-D18D9651AF5F}.Release|Any CPU.Build.0 = Release|Any CPU
		{6712E532-5866-4318-AA7C-262F2905B7D7}.Debug|Any CPU.ActiveCfg = Debug|Any CPU
		{6712E532-5866-4318-AA7C-262F2905B7D7}.Debug|Any CPU.Build.0 = Debug|Any CPU
		{6712E532-5866-4318-AA7C-262F2905B7D7}.Release|Any CPU.ActiveCfg = Release|Any CPU
		{6712E532-5866-4318-AA7C-262F2905B7D7}.Release|Any CPU.Build.0 = Release|Any CPU
		{B6ABF2E9-6762-4DA5-A01A-957DF3466C8F}.Debug|Any CPU.ActiveCfg = Debug|Any CPU
		{B6ABF2E9-6762-4DA5-A01A-957DF3466C8F}.Debug|Any CPU.Build.0 = Debug|Any CPU
		{B6ABF2E9-6762-4DA5-A01A-957DF3466C8F}.Release|Any CPU.ActiveCfg = Release|Any CPU
		{B6ABF2E9-6762-4DA5-A01A-957DF3466C8F}.Release|Any CPU.Build.0 = Release|Any CPU
		{A15AEAD7-A305-47F4-A02D-3CC67A6A4AE8}.Debug|Any CPU.ActiveCfg = Debug|Any CPU
		{A15AEAD7-A305-47F4-A02D-3CC67A6A4AE8}.Debug|Any CPU.Build.0 = Debug|Any CPU
		{A15AEAD7-A305-47F4-A02D-3CC67A6A4AE8}.Release|Any CPU.ActiveCfg = Release|Any CPU
		{A15AEAD7-A305-47F4-A02D-3CC67A6A4AE8}.Release|Any CPU.Build.0 = Release|Any CPU
		{507AF118-F7A3-4396-9B1A-5CDB73E9C9F9}.Debug|Any CPU.ActiveCfg = Debug|Any CPU
		{507AF118-F7A3-4396-9B1A-5CDB73E9C9F9}.Debug|Any CPU.Build.0 = Debug|Any CPU
		{507AF118-F7A3-4396-9B1A-5CDB73E9C9F9}.Release|Any CPU.ActiveCfg = Release|Any CPU
		{507AF118-F7A3-4396-9B1A-5CDB73E9C9F9}.Release|Any CPU.Build.0 = Release|Any CPU
		{843F069D-C647-46A7-85B9-486AA04CDD75}.Debug|Any CPU.ActiveCfg = Debug|Any CPU
		{843F069D-C647-46A7-85B9-486AA04CDD75}.Debug|Any CPU.Build.0 = Debug|Any CPU
		{843F069D-C647-46A7-85B9-486AA04CDD75}.Release|Any CPU.ActiveCfg = Release|Any CPU
		{843F069D-C647-46A7-85B9-486AA04CDD75}.Release|Any CPU.Build.0 = Release|Any CPU
		{F3BF68BE-E748-413B-BB2F-9D1040AF7324}.Debug|Any CPU.ActiveCfg = Debug|Any CPU
		{F3BF68BE-E748-413B-BB2F-9D1040AF7324}.Debug|Any CPU.Build.0 = Debug|Any CPU
		{F3BF68BE-E748-413B-BB2F-9D1040AF7324}.Release|Any CPU.ActiveCfg = Release|Any CPU
		{F3BF68BE-E748-413B-BB2F-9D1040AF7324}.Release|Any CPU.Build.0 = Release|Any CPU
	EndGlobalSection
	GlobalSection(SolutionProperties) = preSolution
		HideSolutionNode = FALSE
	EndGlobalSection
	GlobalSection(NestedProjects) = preSolution
		{2BEF55FE-7B4F-4635-8FD4-53DA9D5E1BFD} = {3E373D01-9860-4AD9-A382-2FE18B2D10CE}
		{DE762219-AE25-43EC-BFAB-1A2DA1FB14D8} = {3E373D01-9860-4AD9-A382-2FE18B2D10CE}
		{F333C3DD-6114-4A9C-92B0-2B96CBB3FB2F} = {3E373D01-9860-4AD9-A382-2FE18B2D10CE}
		{F3F7229E-40A6-4A56-A584-D18D9651AF5F} = {37EC6F8D-9311-4C5D-8D37-02ECEF668E8E}
		{6712E532-5866-4318-AA7C-262F2905B7D7} = {37EC6F8D-9311-4C5D-8D37-02ECEF668E8E}
		{B6ABF2E9-6762-4DA5-A01A-957DF3466C8F} = {37EC6F8D-9311-4C5D-8D37-02ECEF668E8E}
		{A15AEAD7-A305-47F4-A02D-3CC67A6A4AE8} = {37EC6F8D-9311-4C5D-8D37-02ECEF668E8E}
		{507AF118-F7A3-4396-9B1A-5CDB73E9C9F9} = {3E373D01-9860-4AD9-A382-2FE18B2D10CE}
		{843F069D-C647-46A7-85B9-486AA04CDD75} = {37EC6F8D-9311-4C5D-8D37-02ECEF668E8E}
		{F3BF68BE-E748-413B-BB2F-9D1040AF7324} = {3E373D01-9860-4AD9-A382-2FE18B2D10CE}
	EndGlobalSection
	GlobalSection(ExtensibilityGlobals) = postSolution
		SolutionGuid = {BEB13BF7-7700-4A35-89F4-5649FCC90FE1}
	EndGlobalSection
EndGlobal
